
Microsoft Visual Studio Solution File, Format Version 12.00
# Visual Studio 15
VisualStudioVersion = 15.0.27130.2020
MinimumVisualStudioVersion = 10.0.40219.1
Project("{FAE04EC0-301F-11D3-BF4B-00C04F79EFBC}") = "ElseIf", "ElseIf\ElseIf.csproj", "{94AAD2B5-D743-47BA-BB9C-8FE4EB4DF5BE}"
EndProject
Global
	GlobalSection(SolutionConfigurationPlatforms) = preSolution
		Debug|Any CPU = Debug|Any CPU
		Release|Any CPU = Release|Any CPU
	EndGlobalSection
	GlobalSection(ProjectConfigurationPlatforms) = postSolution
		{94AAD2B5-D743-47BA-BB9C-8FE4EB4DF5BE}.Debug|Any CPU.ActiveCfg = Debug|Any CPU
		{94AAD2B5-D743-47BA-BB9C-8FE4EB4DF5BE}.Debug|Any CPU.Build.0 = Debug|Any CPU
		{94AAD2B5-D743-47BA-BB9C-8FE4EB4DF5BE}.Release|Any CPU.ActiveCfg = Release|Any CPU
		{94AAD2B5-D743-47BA-BB9C-8FE4EB4DF5BE}.Release|Any CPU.Build.0 = Release|Any CPU
	EndGlobalSection
	GlobalSection(SolutionProperties) = preSolution
		HideSolutionNode = FALSE
	EndGlobalSection
	GlobalSection(ExtensibilityGlobals) = postSolution
		SolutionGuid = {23CEA5E5-0D47-4DD7-8FB1-3767BE4642D6}
	EndGlobalSection
EndGlobal
