
Microsoft Visual Studio Solution File, Format Version 12.00
# Visual Studio 15
VisualStudioVersion = 15.0.27130.2020
MinimumVisualStudioVersion = 10.0.40219.1
Project("{FAE04EC0-301F-11D3-BF4B-00C04F79EFBC}") = "CharCount", "CharCount\CharCount.csproj", "{699EE8CE-F30B-4AF3-9625-79D3699F65FD}"
EndProject
Global
	GlobalSection(SolutionConfigurationPlatforms) = preSolution
		Debug|Any CPU = Debug|Any CPU
		Release|Any CPU = Release|Any CPU
	EndGlobalSection
	GlobalSection(ProjectConfigurationPlatforms) = postSolution
		{699EE8CE-F30B-4AF3-9625-79D3699F65FD}.Debug|Any CPU.ActiveCfg = Debug|Any CPU
		{699EE8CE-F30B-4AF3-9625-79D3699F65FD}.Debug|Any CPU.Build.0 = Debug|Any CPU
		{699EE8CE-F30B-4AF3-9625-79D3699F65FD}.Release|Any CPU.ActiveCfg = Release|Any CPU
		{699EE8CE-F30B-4AF3-9625-79D3699F65FD}.Release|Any CPU.Build.0 = Release|Any CPU
	EndGlobalSection
	GlobalSection(SolutionProperties) = preSolution
		HideSolutionNode = FALSE
	EndGlobalSection
	GlobalSection(ExtensibilityGlobals) = postSolution
		SolutionGuid = {5C6BB3BB-6E6E-4425-908A-4A820EE58F7A}
	EndGlobalSection
EndGlobal
